// !$*UTF8*$!
{
	archiveVersion = 1;
	classes = {
	};
	objectVersion = 50;
	objects = {

/* Begin PBXBuildFile section */
		04E5E1B0208B1E5000968DD0 /* AppDelegate.m in Sources */ = {isa = PBXBuildFile; fileRef = 04E5E1AF208B1E5000968DD0 /* AppDelegate.m */; };
		04E5E1B3208B1E5000968DD0 /* ViewController.m in Sources */ = {isa = PBXBuildFile; fileRef = 04E5E1B2208B1E5000968DD0 /* ViewController.m */; };
		04E5E1B6208B1E5000968DD0 /* Main.storyboard in Resources */ = {isa = PBXBuildFile; fileRef = 04E5E1B4208B1E5000968DD0 /* Main.storyboard */; };
		04E5E1B8208B1E5100968DD0 /* Assets.xcassets in Resources */ = {isa = PBXBuildFile; fileRef = 04E5E1B7208B1E5100968DD0 /* Assets.xcassets */; };
		04E5E1BB208B1E5100968DD0 /* LaunchScreen.storyboard in Resources */ = {isa = PBXBuildFile; fileRef = 04E5E1B9208B1E5100968DD0 /* LaunchScreen.storyboard */; };
		04E5E1BE208B1E5100968DD0 /* main.m in Sources */ = {isa = PBXBuildFile; fileRef = 04E5E1BD208B1E5100968DD0 /* main.m */; };
		04E5E1C8208B1E5100968DD0 /* LearningMasonryTests.m in Sources */ = {isa = PBXBuildFile; fileRef = 04E5E1C7208B1E5100968DD0 /* LearningMasonryTests.m */; };
		04E5E1D3208B1E5100968DD0 /* LearningMasonryUITests.m in Sources */ = {isa = PBXBuildFile; fileRef = 04E5E1D2208B1E5100968DD0 /* LearningMasonryUITests.m */; };
/* End PBXBuildFile section */

/* Begin PBXContainerItemProxy section */
		04E5E1C4208B1E5100968DD0 /* PBXContainerItemProxy */ = {
			isa = PBXContainerItemProxy;
			containerPortal = 04E5E1A3208B1E5000968DD0 /* Project object */;
			proxyType = 1;
			remoteGlobalIDString = 04E5E1AA208B1E5000968DD0;
			remoteInfo = LearningMasonry;
		};
		04E5E1CF208B1E5100968DD0 /* PBXContainerItemProxy */ = {
			isa = PBXContainerItemProxy;
			containerPortal = 04E5E1A3208B1E5000968DD0 /* Project object */;
			proxyType = 1;
			remoteGlobalIDString = 04E5E1AA208B1E5000968DD0;
			remoteInfo = LearningMasonry;
		};
/* End PBXContainerItemProxy section */

/* Begin PBXFileReference section */
		04E5E1AB208B1E5000968DD0 /* LearningMasonry.app */ = {isa = PBXFileReference; explicitFileType = wrapper.application; includeInIndex = 0; path = LearningMasonry.app; sourceTree = BUILT_PRODUCTS_DIR; };
		04E5E1AE208B1E5000968DD0 /* AppDelegate.h */ = {isa = PBXFileReference; lastKnownFileType = sourcecode.c.h; path = AppDelegate.h; sourceTree = "<group>"; };
		04E5E1AF208B1E5000968DD0 /* AppDelegate.m */ = {isa = PBXFileReference; lastKnownFileType = sourcecode.c.objc; path = AppDelegate.m; sourceTree = "<group>"; };
		04E5E1B1208B1E5000968DD0 /* ViewController.h */ = {isa = PBXFileReference; lastKnownFileType = sourcecode.c.h; path = ViewController.h; sourceTree = "<group>"; };
		04E5E1B2208B1E5000968DD0 /* ViewController.m */ = {isa = PBXFileReference; lastKnownFileType = sourcecode.c.objc; path = ViewController.m; sourceTree = "<group>"; };
		04E5E1B5208B1E5000968DD0 /* Base */ = {isa = PBXFileReference; lastKnownFileType = file.storyboard; name = Base; path = Base.lproj/Main.storyboard; sourceTree = "<group>"; };
		04E5E1B7208B1E5100968DD0 /* Assets.xcassets */ = {isa = PBXFileReference; lastKnownFileType = folder.assetcatalog; path = Assets.xcassets; sourceTree = "<group>"; };
		04E5E1BA208B1E5100968DD0 /* Base */ = {isa = PBXFileReference; lastKnownFileType = file.storyboard; name = Base; path = Base.lproj/LaunchScreen.storyboard; sourceTree = "<group>"; };
		04E5E1BC208B1E5100968DD0 /* Info.plist */ = {isa = PBXFileReference; lastKnownFileType = text.plist.xml; path = Info.plist; sourceTree = "<group>"; };
		04E5E1BD208B1E5100968DD0 /* main.m */ = {isa = PBXFileReference; lastKnownFileType = sourcecode.c.objc; path = main.m; sourceTree = "<group>"; };
		04E5E1C3208B1E5100968DD0 /* LearningMasonryTests.xctest */ = {isa = PBXFileReference; explicitFileType = wrapper.cfbundle; includeInIndex = 0; path = LearningMasonryTests.xctest; sourceTree = BUILT_PRODUCTS_DIR; };
		04E5E1C7208B1E5100968DD0 /* LearningMasonryTests.m */ = {isa = PBXFileReference; lastKnownFileType = sourcecode.c.objc; path = LearningMasonryTests.m; sourceTree = "<group>"; };
		04E5E1C9208B1E5100968DD0 /* Info.plist */ = {isa = PBXFileReference; lastKnownFileType = text.plist.xml; path = Info.plist; sourceTree = "<group>"; };
		04E5E1CE208B1E5100968DD0 /* LearningMasonryUITests.xctest */ = {isa = PBXFileReference; explicitFileType = wrapper.cfbundle; includeInIndex = 0; path = LearningMasonryUITests.xctest; sourceTree = BUILT_PRODUCTS_DIR; };
		04E5E1D2208B1E5100968DD0 /* LearningMasonryUITests.m */ = {isa = PBXFileReference; lastKnownFileType = sourcecode.c.objc; path = LearningMasonryUITests.m; sourceTree = "<group>"; };
		04E5E1D4208B1E5200968DD0 /* Info.plist */ = {isa = PBXFileReference; lastKnownFileType = text.plist.xml; path = Info.plist; sourceTree = "<group>"; };
/* End PBXFileReference section */

/* Begin PBXFrameworksBuildPhase section */
		04E5E1A8208B1E5000968DD0 /* Frameworks */ = {
			isa = PBXFrameworksBuildPhase;
			buildActionMask = 2147483647;
			files = (
			);
			runOnlyForDeploymentPostprocessing = 0;
		};
		04E5E1C0208B1E5100968DD0 /* Frameworks */ = {
			isa = PBXFrameworksBuildPhase;
			buildActionMask = 2147483647;
			files = (
			);
			runOnlyForDeploymentPostprocessing = 0;
		};
		04E5E1CB208B1E5100968DD0 /* Frameworks */ = {
			isa = PBXFrameworksBuildPhase;
			buildActionMask = 2147483647;
			files = (
			);
			runOnlyForDeploymentPostprocessing = 0;
		};
/* End PBXFrameworksBuildPhase section */

/* Begin PBXGroup section */
		04E5E1A2208B1E5000968DD0 = {
			isa = PBXGroup;
			children = (
				04E5E1AD208B1E5000968DD0 /* LearningMasonry */,
				04E5E1C6208B1E5100968DD0 /* LearningMasonryTests */,
				04E5E1D1208B1E5100968DD0 /* LearningMasonryUITests */,
				04E5E1AC208B1E5000968DD0 /* Products */,
			);
			sourceTree = "<group>";
		};
		04E5E1AC208B1E5000968DD0 /* Products */ = {
			isa = PBXGroup;
			children = (
				04E5E1AB208B1E5000968DD0 /* LearningMasonry.app */,
				04E5E1C3208B1E5100968DD0 /* LearningMasonryTests.xctest */,
				04E5E1CE208B1E5100968DD0 /* LearningMasonryUITests.xctest */,
			);
			name = Products;
			sourceTree = "<group>";
		};
		04E5E1AD208B1E5000968DD0 /* LearningMasonry */ = {
			isa = PBXGroup;
			children = (
				04E5E1AE208B1E5000968DD0 /* AppDelegate.h */,
				04E5E1AF208B1E5000968DD0 /* AppDelegate.m */,
				04E5E1B1208B1E5000968DD0 /* ViewController.h */,
				04E5E1B2208B1E5000968DD0 /* ViewController.m */,
				04E5E1B4208B1E5000968DD0 /* Main.storyboard */,
				04E5E1B7208B1E5100968DD0 /* Assets.xcassets */,
				04E5E1B9208B1E5100968DD0 /* LaunchScreen.storyboard */,
				04E5E1BC208B1E5100968DD0 /* Info.plist */,
				04E5E1BD208B1E5100968DD0 /* main.m */,
			);
			path = LearningMasonry;
			sourceTree = "<group>";
		};
		04E5E1C6208B1E5100968DD0 /* LearningMasonryTests */ = {
			isa = PBXGroup;
			children = (
				04E5E1C7208B1E5100968DD0 /* LearningMasonryTests.m */,
				04E5E1C9208B1E5100968DD0 /* Info.plist */,
			);
			path = LearningMasonryTests;
			sourceTree = "<group>";
		};
		04E5E1D1208B1E5100968DD0 /* LearningMasonryUITests */ = {
			isa = PBXGroup;
			children = (
				04E5E1D2208B1E5100968DD0 /* LearningMasonryUITests.m */,
				04E5E1D4208B1E5200968DD0 /* Info.plist */,
			);
			path = LearningMasonryUITests;
			sourceTree = "<group>";
		};
/* End PBXGroup section */

/* Begin PBXNativeTarget section */
		04E5E1AA208B1E5000968DD0 /* LearningMasonry */ = {
			isa = PBXNativeTarget;
			buildConfigurationList = 04E5E1D7208B1E5200968DD0 /* Build configuration list for PBXNativeTarget "LearningMasonry" */;
			buildPhases = (
				04E5E1A7208B1E5000968DD0 /* Sources */,
				04E5E1A8208B1E5000968DD0 /* Frameworks */,
				04E5E1A9208B1E5000968DD0 /* Resources */,
			);
			buildRules = (
			);
			dependencies = (
			);
			name = LearningMasonry;
			productName = LearningMasonry;
			productReference = 04E5E1AB208B1E5000968DD0 /* LearningMasonry.app */;
			productType = "com.apple.product-type.application";
		};
		04E5E1C2208B1E5100968DD0 /* LearningMasonryTests */ = {
			isa = PBXNativeTarget;
			buildConfigurationList = 04E5E1DA208B1E5200968DD0 /* Build configuration list for PBXNativeTarget "LearningMasonryTests" */;
			buildPhases = (
				04E5E1BF208B1E5100968DD0 /* Sources */,
				04E5E1C0208B1E5100968DD0 /* Frameworks */,
				04E5E1C1208B1E5100968DD0 /* Resources */,
			);
			buildRules = (
			);
			dependencies = (
				04E5E1C5208B1E5100968DD0 /* PBXTargetDependency */,
			);
			name = LearningMasonryTests;
			productName = LearningMasonryTests;
			productReference = 04E5E1C3208B1E5100968DD0 /* LearningMasonryTests.xctest */;
			productType = "com.apple.product-type.bundle.unit-test";
		};
		04E5E1CD208B1E5100968DD0 /* LearningMasonryUITests */ = {
			isa = PBXNativeTarget;
			buildConfigurationList = 04E5E1DD208B1E5200968DD0 /* Build configuration list for PBXNativeTarget "LearningMasonryUITests" */;
			buildPhases = (
				04E5E1CA208B1E5100968DD0 /* Sources */,
				04E5E1CB208B1E5100968DD0 /* Frameworks */,
				04E5E1CC208B1E5100968DD0 /* Resources */,
			);
			buildRules = (
			);
			dependencies = (
				04E5E1D0208B1E5100968DD0 /* PBXTargetDependency */,
			);
			name = LearningMasonryUITests;
			productName = LearningMasonryUITests;
			productReference = 04E5E1CE208B1E5100968DD0 /* LearningMasonryUITests.xctest */;
			productType = "com.apple.product-type.bundle.ui-testing";
		};
/* End PBXNativeTarget section */

/* Begin PBXProject section */
		04E5E1A3208B1E5000968DD0 /* Project object */ = {
			isa = PBXProject;
			attributes = {
				LastUpgradeCheck = 0930;
				ORGANIZATIONNAME = cc;
				TargetAttributes = {
					04E5E1AA208B1E5000968DD0 = {
						CreatedOnToolsVersion = 9.3;
					};
					04E5E1C2208B1E5100968DD0 = {
						CreatedOnToolsVersion = 9.3;
						TestTargetID = 04E5E1AA208B1E5000968DD0;
					};
					04E5E1CD208B1E5100968DD0 = {
						CreatedOnToolsVersion = 9.3;
						TestTargetID = 04E5E1AA208B1E5000968DD0;
					};
				};
			};
			buildConfigurationList = 04E5E1A6208B1E5000968DD0 /* Build configuration list for PBXProject "LearningMasonry" */;
			compatibilityVersion = "Xcode 9.3";
			developmentRegion = en;
			hasScannedForEncodings = 0;
			knownRegions = (
				en,
				Base,
			);
			mainGroup = 04E5E1A2208B1E5000968DD0;
			productRefGroup = 04E5E1AC208B1E5000968DD0 /* Products */;
			projectDirPath = "";
			projectRoot = "";
			targets = (
				04E5E1AA208B1E5000968DD0 /* LearningMasonry */,
				04E5E1C2208B1E5100968DD0 /* LearningMasonryTests */,
				04E5E1CD208B1E5100968DD0 /* LearningMasonryUITests */,
			);
		};
/* End PBXProject section */

/* Begin PBXResourcesBuildPhase section */
		04E5E1A9208B1E5000968DD0 /* Resources */ = {
			isa = PBXResourcesBuildPhase;
			buildActionMask = 2147483647;
			files = (
				04E5E1BB208B1E5100968DD0 /* LaunchScreen.storyboard in Resources */,
				04E5E1B8208B1E5100968DD0 /* Assets.xcassets in Resources */,
				04E5E1B6208B1E5000968DD0 /* Main.storyboard in Resources */,
			);
			runOnlyForDeploymentPostprocessing = 0;
		};
		04E5E1C1208B1E5100968DD0 /* Resources */ = {
			isa = PBXResourcesBuildPhase;
			buildActionMask = 2147483647;
			files = (
			);
			runOnlyForDeploymentPostprocessing = 0;
		};
		04E5E1CC208B1E5100968DD0 /* Resources */ = {
			isa = PBXResourcesBuildPhase;
			buildActionMask = 2147483647;
			files = (
			);
			runOnlyForDeploymentPostprocessing = 0;
		};
/* End PBXResourcesBuildPhase section */

/* Begin PBXSourcesBuildPhase section */
		04E5E1A7208B1E5000968DD0 /* Sources */ = {
			isa = PBXSourcesBuildPhase;
			buildActionMask = 2147483647;
			files = (
				04E5E1B3208B1E5000968DD0 /* ViewController.m in Sources */,
				04E5E1BE208B1E5100968DD0 /* main.m in Sources */,
				04E5E1B0208B1E5000968DD0 /* AppDelegate.m in Sources */,
			);
			runOnlyForDeploymentPostprocessing = 0;
		};
		04E5E1BF208B1E5100968DD0 /* Sources */ = {
			isa = PBXSourcesBuildPhase;
			buildActionMask = 2147483647;
			files = (
				04E5E1C8208B1E5100968DD0 /* LearningMasonryTests.m in Sources */,
			);
			runOnlyForDeploymentPostprocessing = 0;
		};
		04E5E1CA208B1E5100968DD0 /* Sources */ = {
			isa = PBXSourcesBuildPhase;
			buildActionMask = 2147483647;
			files = (
				04E5E1D3208B1E5100968DD0 /* LearningMasonryUITests.m in Sources */,
			);
			runOnlyForDeploymentPostprocessing = 0;
		};
/* End PBXSourcesBuildPhase section */

/* Begin PBXTargetDependency section */
		04E5E1C5208B1E5100968DD0 /* PBXTargetDependency */ = {
			isa = PBXTargetDependency;
			target = 04E5E1AA208B1E5000968DD0 /* LearningMasonry */;
			targetProxy = 04E5E1C4208B1E5100968DD0 /* PBXContainerItemProxy */;
		};
		04E5E1D0208B1E5100968DD0 /* PBXTargetDependency */ = {
			isa = PBXTargetDependency;
			target = 04E5E1AA208B1E5000968DD0 /* LearningMasonry */;
			targetProxy = 04E5E1CF208B1E5100968DD0 /* PBXContainerItemProxy */;
		};
/* End PBXTargetDependency section */

/* Begin PBXVariantGroup section */
		04E5E1B4208B1E5000968DD0 /* Main.storyboard */ = {
			isa = PBXVariantGroup;
			children = (
				04E5E1B5208B1E5000968DD0 /* Base */,
			);
			name = Main.storyboard;
			sourceTree = "<group>";
		};
		04E5E1B9208B1E5100968DD0 /* LaunchScreen.storyboard */ = {
			isa = PBXVariantGroup;
			children = (
				04E5E1BA208B1E5100968DD0 /* Base */,
			);
			name = LaunchScreen.storyboard;
			sourceTree = "<group>";
		};
/* End PBXVariantGroup section */

/* Begin XCBuildConfiguration section */
		04E5E1D5208B1E5200968DD0 /* Debug */ = {
			isa = XCBuildConfiguration;
			buildSettings = {
				ALWAYS_SEARCH_USER_PATHS = NO;
				CLANG_ANALYZER_NONNULL = YES;
				CLANG_ANALYZER_NUMBER_OBJECT_CONVERSION = YES_AGGRESSIVE;
				CLANG_CXX_LANGUAGE_STANDARD = "gnu++14";
				CLANG_CXX_LIBRARY = "libc++";
				CLANG_ENABLE_MODULES = YES;
				CLANG_ENABLE_OBJC_ARC = YES;
				CLANG_ENABLE_OBJC_WEAK = YES;
				CLANG_WARN_BLOCK_CAPTURE_AUTORELEASING = YES;
				CLANG_WARN_BOOL_CONVERSION = YES;
				CLANG_WARN_COMMA = YES;
				CLANG_WARN_CONSTANT_CONVERSION = YES;
				CLANG_WARN_DEPRECATED_OBJC_IMPLEMENTATIONS = YES;
				CLANG_WARN_DIRECT_OBJC_ISA_USAGE = YES_ERROR;
				CLANG_WARN_DOCUMENTATION_COMMENTS = YES;
				CLANG_WARN_EMPTY_BODY = YES;
				CLANG_WARN_ENUM_CONVERSION = YES;
				CLANG_WARN_INFINITE_RECURSION = YES;
				CLANG_WARN_INT_CONVERSION = YES;
				CLANG_WARN_NON_LITERAL_NULL_CONVERSION = YES;
				CLANG_WARN_OBJC_IMPLICIT_RETAIN_SELF = YES;
				CLANG_WARN_OBJC_LITERAL_CONVERSION = YES;
				CLANG_WARN_OBJC_ROOT_CLASS = YES_ERROR;
				CLANG_WARN_RANGE_LOOP_ANALYSIS = YES;
				CLANG_WARN_STRICT_PROTOTYPES = YES;
				CLANG_WARN_SUSPICIOUS_MOVE = YES;
				CLANG_WARN_UNGUARDED_AVAILABILITY = YES_AGGRESSIVE;
				CLANG_WARN_UNREACHABLE_CODE = YES;
				CLANG_WARN__DUPLICATE_METHOD_MATCH = YES;
				CODE_SIGN_IDENTITY = "iPhone Developer";
				COPY_PHASE_STRIP = NO;
				DEBUG_INFORMATION_FORMAT = dwarf;
				ENABLE_STRICT_OBJC_MSGSEND = YES;
				ENABLE_TESTABILITY = YES;
				GCC_C_LANGUAGE_STANDARD = gnu11;
				GCC_DYNAMIC_NO_PIC = NO;
				GCC_NO_COMMON_BLOCKS = YES;
				GCC_OPTIMIZATION_LEVEL = 0;
				GCC_PREPROCESSOR_DEFINITIONS = (
					"DEBUG=1",
					"$(inherited)",
				);
				GCC_WARN_64_TO_32_BIT_CONVERSION = YES;
				GCC_WARN_ABOUT_RETURN_TYPE = YES_ERROR;
				GCC_WARN_UNDECLARED_SELECTOR = YES;
				GCC_WARN_UNINITIALIZED_AUTOS = YES_AGGRESSIVE;
				GCC_WARN_UNUSED_FUNCTION = YES;
				GCC_WARN_UNUSED_VARIABLE = YES;
				IPHONEOS_DEPLOYMENT_TARGET = 11.3;
				MTL_ENABLE_DEBUG_INFO = YES;
				ONLY_ACTIVE_ARCH = YES;
				SDKROOT = iphoneos;
			};
			name = Debug;
		};
		04E5E1D6208B1E5200968DD0 /* Release */ = {
			isa = XCBuildConfiguration;
			buildSettings = {
				ALWAYS_SEARCH_USER_PATHS = NO;
				CLANG_ANALYZER_NONNULL = YES;
				CLANG_ANALYZER_NUMBER_OBJECT_CONVERSION = YES_AGGRESSIVE;
				CLANG_CXX_LANGUAGE_STANDARD = "gnu++14";
				CLANG_CXX_LIBRARY = "libc++";
				CLANG_ENABLE_MODULES = YES;
				CLANG_ENABLE_OBJC_ARC = YES;
				CLANG_ENABLE_OBJC_WEAK = YES;
				CLANG_WARN_BLOCK_CAPTURE_AUTORELEASING = YES;
				CLANG_WARN_BOOL_CONVERSION = YES;
				CLANG_WARN_COMMA = YES;
				CLANG_WARN_CONSTANT_CONVERSION = YES;
				CLANG_WARN_DEPRECATED_OBJC_IMPLEMENTATIONS = YES;
				CLANG_WARN_DIRECT_OBJC_ISA_USAGE = YES_ERROR;
				CLANG_WARN_DOCUMENTATION_COMMENTS = YES;
				CLANG_WARN_EMPTY_BODY = YES;
				CLANG_WARN_ENUM_CONVERSION = YES;
				CLANG_WARN_INFINITE_RECURSION = YES;
				CLANG_WARN_INT_CONVERSION = YES;
				CLANG_WARN_NON_LITERAL_NULL_CONVERSION = YES;
				CLANG_WARN_OBJC_IMPLICIT_RETAIN_SELF = YES;
				CLANG_WARN_OBJC_LITERAL_CONVERSION = YES;
				CLANG_WARN_OBJC_ROOT_CLASS = YES_ERROR;
				CLANG_WARN_RANGE_LOOP_ANALYSIS = YES;
				CLANG_WARN_STRICT_PROTOTYPES = YES;
				CLANG_WARN_SUSPICIOUS_MOVE = YES;
				CLANG_WARN_UNGUARDED_AVAILABILITY = YES_AGGRESSIVE;
				CLANG_WARN_UNREACHABLE_CODE = YES;
				CLANG_WARN__DUPLICATE_METHOD_MATCH = YES;
				CODE_SIGN_IDENTITY = "iPhone Developer";
				COPY_PHASE_STRIP = NO;
				DEBUG_INFORMATION_FORMAT = "dwarf-with-dsym";
				ENABLE_NS_ASSERTIONS = NO;
				ENABLE_STRICT_OBJC_MSGSEND = YES;
				GCC_C_LANGUAGE_STANDARD = gnu11;
				GCC_NO_COMMON_BLOCKS = YES;
				GCC_WARN_64_TO_32_BIT_CONVERSION = YES;
				GCC_WARN_ABOUT_RETURN_TYPE = YES_ERROR;
				GCC_WARN_UNDECLARED_SELECTOR = YES;
				GCC_WARN_UNINITIALIZED_AUTOS = YES_AGGRESSIVE;
				GCC_WARN_UNUSED_FUNCTION = YES;
				GCC_WARN_UNUSED_VARIABLE = YES;
				IPHONEOS_DEPLOYMENT_TARGET = 11.3;
				MTL_ENABLE_DEBUG_INFO = NO;
				SDKROOT = iphoneos;
				VALIDATE_PRODUCT = YES;
			};
			name = Release;
		};
		04E5E1D8208B1E5200968DD0 /* Debug */ = {
			isa = XCBuildConfiguration;
			buildSettings = {
				ASSETCATALOG_COMPILER_APPICON_NAME = AppIcon;
				CODE_SIGN_STYLE = Automatic;
				DEVELOPMENT_TEAM = ET7PSX9CXJ;
				INFOPLIST_FILE = LearningMasonry/Info.plist;
				LD_RUNPATH_SEARCH_PATHS = (
					"$(inherited)",
					"@executable_path/Frameworks",
				);
				PRODUCT_BUNDLE_IDENTIFIER = com.cc.www.LearningMasonry;
				PRODUCT_NAME = "$(TARGET_NAME)";
				TARGETED_DEVICE_FAMILY = "1,2";
			};
			name = Debug;
		};
		04E5E1D9208B1E5200968DD0 /* Release */ = {
			isa = XCBuildConfiguration;
			buildSettings = {
				ASSETCATALOG_COMPILER_APPICON_NAME = AppIcon;
				CODE_SIGN_STYLE = Automatic;
				DEVELOPMENT_TEAM = ET7PSX9CXJ;
				INFOPLIST_FILE = LearningMasonry/Info.plist;
				LD_RUNPATH_SEARCH_PATHS = (
					"$(inherited)",
					"@executable_path/Frameworks",
				);
				PRODUCT_BUNDLE_IDENTIFIER = com.cc.www.LearningMasonry;
				PRODUCT_NAME = "$(TARGET_NAME)";
				TARGETED_DEVICE_FAMILY = "1,2";
			};
			name = Release;
		};
		04E5E1DB208B1E5200968DD0 /* Debug */ = {
			isa = XCBuildConfiguration;
			buildSettings = {
				BUNDLE_LOADER = "$(TEST_HOST)";
				CODE_SIGN_STYLE = Automatic;
				DEVELOPMENT_TEAM = ET7PSX9CXJ;
				INFOPLIST_FILE = LearningMasonryTests/Info.plist;
				LD_RUNPATH_SEARCH_PATHS = (
					"$(inherited)",
					"@executable_path/Frameworks",
					"@loader_path/Frameworks",
				);
				PRODUCT_BUNDLE_IDENTIFIER = com.cc.www.LearningMasonryTests;
				PRODUCT_NAME = "$(TARGET_NAME)";
				TARGETED_DEVICE_FAMILY = "1,2";
				TEST_HOST = "$(BUILT_PRODUCTS_DIR)/LearningMasonry.app/LearningMasonry";
			};
			name = Debug;
		};
		04E5E1DC208B1E5200968DD0 /* Release */ = {
			isa = XCBuildConfiguration;
			buildSettings = {
				BUNDLE_LOADER = "$(TEST_HOST)";
				CODE_SIGN_STYLE = Automatic;
				DEVELOPMENT_TEAM = ET7PSX9CXJ;
				INFOPLIST_FILE = LearningMasonryTests/Info.plist;
				LD_RUNPATH_SEARCH_PATHS = (
					"$(inherited)",
					"@executable_path/Frameworks",
					"@loader_path/Frameworks",
				);
				PRODUCT_BUNDLE_IDENTIFIER = com.cc.www.LearningMasonryTests;
				PRODUCT_NAME = "$(TARGET_NAME)";
				TARGETED_DEVICE_FAMILY = "1,2";
				TEST_HOST = "$(BUILT_PRODUCTS_DIR)/LearningMasonry.app/LearningMasonry";
			};
			name = Release;
		};
		04E5E1DE208B1E5200968DD0 /* Debug */ = {
			isa = XCBuildConfiguration;
			buildSettings = {
				CODE_SIGN_STYLE = Automatic;
				DEVELOPMENT_TEAM = ET7PSX9CXJ;
				INFOPLIST_FILE = LearningMasonryUITests/Info.plist;
				LD_RUNPATH_SEARCH_PATHS = (
					"$(inherited)",
					"@executable_path/Frameworks",
					"@loader_path/Frameworks",
				);
				PRODUCT_BUNDLE_IDENTIFIER = com.cc.www.LearningMasonryUITests;
				PRODUCT_NAME = "$(TARGET_NAME)";
				TARGETED_DEVICE_FAMILY = "1,2";
				TEST_TARGET_NAME = LearningMasonry;
			};
			name = Debug;
		};
		04E5E1DF208B1E5200968DD0 /* Release */ = {
			isa = XCBuildConfiguration;
			buildSettings = {
				CODE_SIGN_STYLE = Automatic;
				DEVELOPMENT_TEAM = ET7PSX9CXJ;
				INFOPLIST_FILE = LearningMasonryUITests/Info.plist;
				LD_RUNPATH_SEARCH_PATHS = (
					"$(inherited)",
					"@executable_path/Frameworks",
					"@loader_path/Frameworks",
				);
				PRODUCT_BUNDLE_IDENTIFIER = com.cc.www.LearningMasonryUITests;
				PRODUCT_NAME = "$(TARGET_NAME)";
				TARGETED_DEVICE_FAMILY = "1,2";
				TEST_TARGET_NAME = LearningMasonry;
			};
			name = Release;
		};
/* End XCBuildConfiguration section */

/* Begin XCConfigurationList section */
		04E5E1A6208B1E5000968DD0 /* Build configuration list for PBXProject "LearningMasonry" */ = {
			isa = XCConfigurationList;
			buildConfigurations = (
				04E5E1D5208B1E5200968DD0 /* Debug */,
				04E5E1D6208B1E5200968DD0 /* Release */,
			);
			defaultConfigurationIsVisible = 0;
			defaultConfigurationName = Release;
		};
		04E5E1D7208B1E5200968DD0 /* Build configuration list for PBXNativeTarget "LearningMasonry" */ = {
			isa = XCConfigurationList;
			buildConfigurations = (
				04E5E1D8208B1E5200968DD0 /* Debug */,
				04E5E1D9208B1E5200968DD0 /* Release */,
			);
			defaultConfigurationIsVisible = 0;
			defaultConfigurationName = Release;
		};
		04E5E1DA208B1E5200968DD0 /* Build configuration list for PBXNativeTarget "LearningMasonryTests" */ = {
			isa = XCConfigurationList;
			buildConfigurations = (
				04E5E1DB208B1E5200968DD0 /* Debug */,
				04E5E1DC208B1E5200968DD0 /* Release */,
			);
			defaultConfigurationIsVisible = 0;
			defaultConfigurationName = Release;
		};
		04E5E1DD208B1E5200968DD0 /* Build configuration list for PBXNativeTarget "LearningMasonryUITests" */ = {
			isa = XCConfigurationList;
			buildConfigurations = (
				04E5E1DE208B1E5200968DD0 /* Debug */,
				04E5E1DF208B1E5200968DD0 /* Release */,
			);
			defaultConfigurationIsVisible = 0;
			defaultConfigurationName = Release;
		};
/* End XCConfigurationList section */
	};
	rootObject = 04E5E1A3208B1E5000968DD0 /* Project object */;
}
